{
  "name": "vision-proxy",
  "version": "0.1.0",
  "lockfileVersion": 3,
  "requires": true,
  "packages": {
    "": {
      "name": "vision-proxy",
      "version": "0.1.0",
      "license": "MIT",
      "dependencies": {
        "@ai-sdk/anthropic": "^2.0.95",
        "@ai-sdk/openai": "^4.0.0",
        "ai": "^7.0.0",
        "image-size": "^2.0.2",
        "imagescript": "^1.3.1",
        "imghash": "^1.1.4",
        "zod": "^4.1.8"
      },
      "bin": {
        "vision-proxy": "dist/cli.js",
        "vp": "dist/cli.js"
      },
      "devDependencies": {
        "@types/node": "^26.1.1",
        "typescript": "^5.9.0"
      },
      "engines": {
        "node": ">=22"
      }
    },
    "node_modules/@ai-sdk/anthropic": {
      "version": "2.0.95",
      "resolved": "https://registry.npmjs.org/@ai-sdk/anthropic/-/anthropic-2.0.95.tgz",
      "integrity": "sha512-V0nIwhyv8f9rD+p6glm0uq30seid8y2CrvNvHCAbnuPm5bPpqVChEB63kixrIDNnogkgI+ZjSTtIbIL2q3QPvQ==",
      "license": "Apache-2.0",
      "dependencies": {
        "@ai-sdk/provider": "2.0.3",
        "@ai-sdk/provider-utils": "3.0.32"
      },
      "engines": {
        "node": ">=18"
      },
      "peerDependencies": {
        "zod": "^3.25.76 || ^4.1.8"
      }
    },
    "node_modules/@ai-sdk/anthropic/node_modules/@ai-sdk/provider": {
      "version": "2.0.3",
      "resolved": "https://registry.npmjs.org/@ai-sdk/provider/-/provider-2.0.3.tgz",
      "integrity": "sha512-h88OPkavHTiN9tMn2l5awAznGB0lXzjcLhgR1/rvjB2zlLprsNxbM2tt6OJsHUxduLC3klq0/eqaSf6fX5XVww==",
      "license": "Apache-2.0",
      "dependencies": {
        "json-schema": "^0.4.0"
      },
      "engines": {
        "node": ">=18"
      }
    },
    "node_modules/@ai-sdk/anthropic/node_modules/@ai-sdk/provider-utils": {
      "version": "3.0.32",
      "resolved": "https://registry.npmjs.org/@ai-sdk/provider-utils/-/provider-utils-3.0.32.tgz",
      "integrity": "sha512-izgUo50kamJMwoYCXoFwVccuJeyYp0y1+twf0FfpEz7kdQBloZLZbgLYUOUpannLWrV7xYSJR48BQJIQFbFiAQ==",
      "license": "Apache-2.0",
      "dependencies": {
        "@ai-sdk/provider": "2.0.3",
        "@standard-schema/spec": "^1.0.0",
        "eventsource-parser": "^3.0.6",
        "undici": "^5.29.0"
      },
      "engines": {
        "node": ">=18"
      },
      "peerDependencies": {
        "zod": "^3.25.76 || ^4.1.8"
      }
    },
    "node_modules/@ai-sdk/anthropic/node_modules/undici": {
      "version": "5.29.0",
      "resolved": "https://registry.npmjs.org/undici/-/undici-5.29.0.tgz",
      "integrity": "sha512-raqeBD6NQK4SkWhQzeYKd1KmIG6dllBOTt55Rmkt4HtI9mwdWtJljnrXjAFUBLTSN67HWrOIZ3EPF4kjUw80Bg==",
      "license": "MIT",
      "dependencies": {
        "@fastify/busboy": "^2.0.0"
      },
      "engines": {
        "node": ">=14.0"
      }
    },
    "node_modules/@ai-sdk/gateway": {
      "version": "4.0.52",
      "resolved": "https://registry.npmjs.org/@ai-sdk/gateway/-/gateway-4.0.52.tgz",
      "integrity": "sha512-SXUM8jzzuTUJRq+EOgPd5to6DSx0EKslVn+IVZHbUEX6k/3vCPNrvjckbK26HnNxHU/STxm+zTSJteqrO+7Z0w==",
      "license": "Apache-2.0",
      "dependencies": {
        "@ai-sdk/provider": "4.0.7",
        "@ai-sdk/provider-utils": "5.0.27",
        "@vercel/oidc": "3.2.0"
      },
      "engines": {
        "node": ">=22"
      },
      "peerDependencies": {
        "zod": "^3.25.76 || ^4.1.8"
      }
    },
    "node_modules/@ai-sdk/gateway/node_modules/@ai-sdk/provider-utils": {
      "version": "5.0.27",
      "resolved": "https://registry.npmjs.org/@ai-sdk/provider-utils/-/provider-utils-5.0.27.tgz",
      "integrity": "sha512-EzAn4pdgG5g0xXtH6lE2zyNmfjDQIDjATkfqzuidEI35g++hh4+07vnjzkT/RmGmIClPZiRj/Q2GMPV2V7mkHw==",
      "license": "Apache-2.0",
      "dependencies": {
        "@ai-sdk/provider": "4.0.7",
        "@standard-schema/spec": "^1.1.0",
        "@workflow/serde": "4.1.0",
        "eventsource-parser": "^3.0.8",
        "undici": "^7.28.0"
      },
      "engines": {
        "node": ">=22"
      },
      "peerDependencies": {
        "zod": "^3.25.76 || ^4.1.8"
      }
    },
    "node_modules/@ai-sdk/openai": {
      "version": "4.0.41",
      "resolved": "https://registry.npmjs.org/@ai-sdk/openai/-/openai-4.0.41.tgz",
      "integrity": "sha512-+WoY0JyF/uV2z+rye7I+hYaVg+hTanG4rYIgsWKvJFDXaAdu9yg07x+BRa2vTgUqzLIBXEBp5d1T7DwMI9ZGlw==",
      "license": "Apache-2.0",
      "dependencies": {
        "@ai-sdk/provider": "4.0.7",
        "@ai-sdk/provider-utils": "5.0.27"
      },
      "engines": {
        "node": ">=22"
      },
      "peerDependencies": {
        "zod": "^3.25.76 || ^4.1.8"
      }
    },
    "node_modules/@ai-sdk/openai/node_modules/@ai-sdk/provider-utils": {
      "version": "5.0.27",
      "resolved": "https://registry.npmjs.org/@ai-sdk/provider-utils/-/provider-utils-5.0.27.tgz",
      "integrity": "sha512-EzAn4pdgG5g0xXtH6lE2zyNmfjDQIDjATkfqzuidEI35g++hh4+07vnjzkT/RmGmIClPZiRj/Q2GMPV2V7mkHw==",
      "license": "Apache-2.0",
      "dependencies": {
        "@ai-sdk/provider": "4.0.7",
        "@standard-schema/spec": "^1.1.0",
        "@workflow/serde": "4.1.0",
        "eventsource-parser": "^3.0.8",
        "undici": "^7.28.0"
      },
      "engines": {
        "node": ">=22"
      },
      "peerDependencies": {
        "zod": "^3.25.76 || ^4.1.8"
      }
    },
    "node_modules/@ai-sdk/provider": {
      "version": "4.0.7",
      "resolved": "https://registry.npmjs.org/@ai-sdk/provider/-/provider-4.0.7.tgz",
      "integrity": "sha512-6or44XprPzKbr8zkmzosowSE0pxkvJcoojBL+mCZvPUt3kvXp3XSNqeVun9golb1acEfSo6yaEBRT18h2VU+1Q==",
      "license": "Apache-2.0",
      "dependencies": {
        "json-schema": "^0.4.0"
      },
      "engines": {
        "node": ">=22"
      }
    },
    "node_modules/@canvas/image": {
      "version": "2.0.0",
      "resolved": "https://registry.npmjs.org/@canvas/image/-/image-2.0.0.tgz",
      "integrity": "sha512-DQKEftZ5M4eM8Rzhv8FFZGdOsO8bVjzPC/9pBF+P//HjQM/Xf+PvQRTv97mVpsHt+Pejs1V7ooK6xf+dYgDNpw==",
      "license": "MIT",
      "dependencies": {
        "@canvas/image-data": "^1.0.0",
        "@cwasm/jpeg-turbo": "^0.1.1",
        "@cwasm/lodepng": "^0.1.2",
        "@cwasm/nsbmp": "^0.1.0",
        "@cwasm/nsgif": "^0.1.0",
        "@cwasm/webp": "^0.1.3",
        "decode-ico": "^0.4.1",
        "fast-base64-decode": "^1.0.0",
        "fast-base64-encode": "^1.0.0",
        "fast-base64-length": "^1.0.0",
        "simple-get": "^4.0.1"
      },
      "engines": {
        "node": ">=10"
      }
    },
    "node_modules/@canvas/image-data": {
      "version": "1.1.0",
      "resolved": "https://registry.npmjs.org/@canvas/image-data/-/image-data-1.1.0.tgz",
      "integrity": "sha512-QdObRRjRbcXGmM1tmJ+MrHcaz1MftF2+W7YI+MsphnsCrmtyfS0d5qJbk0MeSbUeyM/jCb0hmnkXPsy026L7dA==",
      "license": "MIT"
    },
    "node_modules/@cwasm/jpeg-turbo": {
      "version": "0.1.3",
      "resolved": "https://registry.npmjs.org/@cwasm/jpeg-turbo/-/jpeg-turbo-0.1.3.tgz",
      "integrity": "sha512-FkZxwwC6r4zhzlqM0nYGaMj/MDSrZPxLOdPdM6ySlgsMfOpNAZcLQkpNF4jP+DmsuUvRoeUD0YSMBvg3jYfK6w==",
      "license": "MIT",
      "dependencies": {
        "@canvas/image-data": "^1.0.0"
      }
    },
    "node_modules/@cwasm/lodepng": {
      "version": "0.1.9",
      "resolved": "https://registry.npmjs.org/@cwasm/lodepng/-/lodepng-0.1.9.tgz",
      "integrity": "sha512-vb2H7/jTxnqJi7hHiEgtFm3smIqVpeY417vN+8cwsq3iTNrHzwnMzFXbeCf2H9Dl13Vh64qgUUcC2mxf6TPODA==",
      "license": "MIT",
      "dependencies": {
        "@canvas/image-data": "^1.0.0"
      },
      "engines": {
        "node": ">=8.0.0"
      }
    },
    "node_modules/@cwasm/nsbmp": {
      "version": "0.1.3",
      "resolved": "https://registry.npmjs.org/@cwasm/nsbmp/-/nsbmp-0.1.3.tgz",
      "integrity": "sha512-APiz9Rj2E049rBapTtwnCGqQeqJjmC85busDQ44UCaujU+LoggUm06NuS1WIBAZcDMRbJOgCFcRWc0tMT2kpfg==",
      "license": "MIT",
      "dependencies": {
        "@canvas/image-data": "^1.0.0"
      }
    },
    "node_modules/@cwasm/nsgif": {
      "version": "0.1.2",
      "resolved": "https://registry.npmjs.org/@cwasm/nsgif/-/nsgif-0.1.2.tgz",
      "integrity": "sha512-LOD5HlL0O5jpnIAl+dLSZcB3v0RBNBjtoaymdCEPe2kyKzaP20BF+jy/QUyOZogQsgMVjusZES3tgwwoiiJ2rA==",
      "license": "MIT",
      "dependencies": {
        "@canvas/image-data": "^1.0.0"
      }
    },
    "node_modules/@cwasm/webp": {
      "version": "0.1.5",
      "resolved": "https://registry.npmjs.org/@cwasm/webp/-/webp-0.1.5.tgz",
      "integrity": "sha512-ceIZQkyxK+s7mmItNcWqqHdOBiJAxYxTnrnPNgUNjldB1M9j+Bp/3eVIVwC8rUFyN/zoFwuT0331pyY3ackaNA==",
      "license": "MIT",
      "dependencies": {
        "@canvas/image-data": "^1.0.0"
      }
    },
    "node_modules/@fastify/busboy": {
      "version": "2.1.1",
      "resolved": "https://registry.npmjs.org/@fastify/busboy/-/busboy-2.1.1.tgz",
      "integrity": "sha512-vBZP4NlzfOlerQTnba4aqZoMhE/a9HY7HRqoOPaETQcSQuWEIyZMHGfVu6w9wGtGK5fED5qRs2DteVCjOH60sA==",
      "license": "MIT",
      "engines": {
        "node": ">=14"
      }
    },
    "node_modules/@standard-schema/spec": {
      "version": "1.1.0",
      "resolved": "https://registry.npmjs.org/@standard-schema/spec/-/spec-1.1.0.tgz",
      "integrity": "sha512-l2aFy5jALhniG5HgqrD6jXLi/rUWrKvqN/qJx6yoJsgKhblVd+iqqU4RCXavm/jPityDo5TCvKMnpjKnOriy0w==",
      "license": "MIT"
    },
    "node_modules/@types/node": {
      "version": "26.2.0",
      "resolved": "https://registry.npmjs.org/@types/node/-/node-26.2.0.tgz",
      "integrity": "sha512-5IviulTZeRNp2vAJ514cc/HUlY5nZ9fCbq9DMyC52BrhFZACo3nI0R7qBxhQmo/d27NFe96ur/b7Wwxklda+kg==",
      "dev": true,
      "license": "MIT",
      "dependencies": {
        "undici-types": "~8.3.0"
      }
    },
    "node_modules/@vercel/oidc": {
      "version": "3.2.0",
      "resolved": "https://registry.npmjs.org/@vercel/oidc/-/oidc-3.2.0.tgz",
      "integrity": "sha512-UycprH3T6n3jH0k44NHMa7pnFHGu/N05MjojYr+Mc6I7obkoLIJujSWwin1pCvdy/eOxrI/l3uDLQsmcrOb4ug==",
      "license": "Apache-2.0",
      "engines": {
        "node": ">= 20"
      }
    },
    "node_modules/@workflow/serde": {
      "version": "4.1.0",
      "resolved": "https://registry.npmjs.org/@workflow/serde/-/serde-4.1.0.tgz",
      "integrity": "sha512-pav4F2BoirECWR7Nf1TKt+2eETcBj7jj4cBefQ8VXQCA6NPkaKeLfj/zMgi+3zYV5ZIBT4GuUiphsj0/b9hPQQ==",
      "license": "Apache-2.0"
    },
    "node_modules/ai": {
      "version": "7.0.65",
      "resolved": "https://registry.npmjs.org/ai/-/ai-7.0.65.tgz",
      "integrity": "sha512-Uzom971mOHETL9tbeCWDEgbAA/Banj0KnR2obNEWPEUlGnAv2NJjFIxrUZ6F0XxHFDgGVVpnz86BB2CPOZZ83g==",
      "license": "Apache-2.0",
      "dependencies": {
        "@ai-sdk/gateway": "4.0.52",
        "@ai-sdk/provider": "4.0.7",
        "@ai-sdk/provider-utils": "5.0.27"
      },
      "engines": {
        "node": ">=22"
      },
      "peerDependencies": {
        "zod": "^3.25.76 || ^4.1.8"
      }
    },
    "node_modules/ai/node_modules/@ai-sdk/provider-utils": {
      "version": "5.0.27",
      "resolved": "https://registry.npmjs.org/@ai-sdk/provider-utils/-/provider-utils-5.0.27.tgz",
      "integrity": "sha512-EzAn4pdgG5g0xXtH6lE2zyNmfjDQIDjATkfqzuidEI35g++hh4+07vnjzkT/RmGmIClPZiRj/Q2GMPV2V7mkHw==",
      "license": "Apache-2.0",
      "dependencies": {
        "@ai-sdk/provider": "4.0.7",
        "@standard-schema/spec": "^1.1.0",
        "@workflow/serde": "4.1.0",
        "eventsource-parser": "^3.0.8",
        "undici": "^7.28.0"
      },
      "engines": {
        "node": ">=22"
      },
      "peerDependencies": {
        "zod": "^3.25.76 || ^4.1.8"
      }
    },
    "node_modules/blockhash-core": {
      "version": "0.1.0",
      "resolved": "https://registry.npmjs.org/blockhash-core/-/blockhash-core-0.1.0.tgz",
      "integrity": "sha512-Cv7BgBo0jjVPaeuel4cvxf9LqIGsYNIPz9DAGvvrF9LRlEq9Q3HXu+S8bklPCae0sCxAXic4HGMoImf3FeO3Nw==",
      "license": "MIT"
    },
    "node_modules/decode-bmp": {
      "version": "0.2.1",
      "resolved": "https://registry.npmjs.org/decode-bmp/-/decode-bmp-0.2.1.tgz",
      "integrity": "sha512-NiOaGe+GN0KJqi2STf24hfMkFitDUaIoUU3eKvP/wAbLe8o6FuW5n/x7MHPR0HKvBokp6MQY/j7w8lewEeVCIA==",
      "license": "MIT",
      "dependencies": {
        "@canvas/image-data": "^1.0.0",
        "to-data-view": "^1.1.0"
      },
      "engines": {
        "node": ">=8.6.0"
      }
    },
    "node_modules/decode-ico": {
      "version": "0.4.1",
      "resolved": "https://registry.npmjs.org/decode-ico/-/decode-ico-0.4.1.tgz",
      "integrity": "sha512-69NZfbKIzux1vBOd31al3XnMnH+2mqDhEgLdpygErm4d60N+UwA5Sq5WFjmEDQzumgB9fElojGwWG0vybVfFmA==",
      "license": "MIT",
      "dependencies": {
        "@canvas/image-data": "^1.0.0",
        "decode-bmp": "^0.2.0",
        "to-data-view": "^1.1.0"
      },
      "engines": {
        "node": ">=8.6"
      }
    },
    "node_modules/decompress-response": {
      "version": "6.0.0",
      "resolved": "https://registry.npmjs.org/decompress-response/-/decompress-response-6.0.0.tgz",
      "integrity": "sha512-aW35yZM6Bb/4oJlZncMH2LCoZtJXTRxES17vE3hoRiowU2kWHaJKFkSBDnDR+cm9J+9QhXmREyIfv0pji9ejCQ==",
      "license": "MIT",
      "dependencies": {
        "mimic-response": "^3.1.0"
      },
      "engines": {
        "node": ">=10"
      },
      "funding": {
        "url": "https://github.com/sponsors/sindresorhus"
      }
    },
    "node_modules/eventsource-parser": {
      "version": "3.1.1",
      "resolved": "https://registry.npmjs.org/eventsource-parser/-/eventsource-parser-3.1.1.tgz",
      "integrity": "sha512-EKN1vKAMcZ8MlYMpaNuxN6R9yakzH6uajHcHVTqWJzvu5pWw9DyhbP35HH8MVBQ+dZjAfDxk+A8NiR9KWaXiyQ==",
      "license": "MIT",
      "engines": {
        "node": ">=18.0.0"
      }
    },
    "node_modules/fast-base64-decode": {
      "version": "1.0.0",
      "resolved": "https://registry.npmjs.org/fast-base64-decode/-/fast-base64-decode-1.0.0.tgz",
      "integrity": "sha512-qwaScUgUGBYeDNRnbc/KyllVU88Jk1pRHPStuF/lO7B0/RTRLj7U0lkdTAutlBblY08rwZDff6tNU9cjv6j//Q==",
      "license": "MIT"
    },
    "node_modules/fast-base64-encode": {
      "version": "1.0.0",
      "resolved": "https://registry.npmjs.org/fast-base64-encode/-/fast-base64-encode-1.0.0.tgz",
      "integrity": "sha512-z2XCzVK4fde2cuTEHu2QGkLD6BPtJNKJPn0Z7oINvmhq/quUuIIVPYKUdN0gYeZqOyurjJjBH/bUzK5gafyHvw==",
      "license": "MIT"
    },
    "node_modules/fast-base64-length": {
      "version": "1.0.0",
      "resolved": "https://registry.npmjs.org/fast-base64-length/-/fast-base64-length-1.0.0.tgz",
      "integrity": "sha512-MV+/ioblHx6SMjc/1l4EAnRJyAku6+6DxZ6RW0FoFCF1Aol/Ldb6FqwE3Kn3Ju1aam2m1KCIVoCljhgcG+Umzg==",
      "license": "MIT"
    },
    "node_modules/file-type": {
      "version": "10.11.0",
      "resolved": "https://registry.npmjs.org/file-type/-/file-type-10.11.0.tgz",
      "integrity": "sha512-uzk64HRpUZyTGZtVuvrjP0FYxzQrBf4rojot6J65YMEbwBLB0CWm0CLojVpwpmFmxcE/lkvYICgfcGozbBq6rw==",
      "license": "MIT",
      "engines": {
        "node": ">=6"
      }
    },
    "node_modules/image-size": {
      "version": "2.0.2",
      "resolved": "https://registry.npmjs.org/image-size/-/image-size-2.0.2.tgz",
      "integrity": "sha512-IRqXKlaXwgSMAMtpNzZa1ZAe8m+Sa1770Dhk8VkSsP9LS+iHD62Zd8FQKs8fbPiagBE7BzoFX23cxFnwshpV6w==",
      "license": "MIT",
      "bin": {
        "image-size": "bin/image-size.js"
      },
      "engines": {
        "node": ">=16.x"
      }
    },
    "node_modules/image-type": {
      "version": "4.1.0",
      "resolved": "https://registry.npmjs.org/image-type/-/image-type-4.1.0.tgz",
      "integrity": "sha512-CFJMJ8QK8lJvRlTCEgarL4ro6hfDQKif2HjSvYCdQZESaIPV4v9imrf7BQHK+sQeTeNeMpWciR9hyC/g8ybXEg==",
      "license": "MIT",
      "dependencies": {
        "file-type": "^10.10.0"
      },
      "engines": {
        "node": ">=6"
      }
    },
    "node_modules/imagescript": {
      "version": "1.3.1",
      "resolved": "https://registry.npmjs.org/imagescript/-/imagescript-1.3.1.tgz",
      "integrity": "sha512-ue/zxSyEzj7je8Nlt2vjY9GEa2BbScFSRZJq7OTVDZFp0r57fyuxrlsF8qWgxTP+kP8WklTw4by/ZEYVX5S13w==",
      "license": "(AGPL-3.0-or-later OR MIT)",
      "engines": {
        "node": ">=14.0.0"
      }
    },
    "node_modules/imghash": {
      "version": "1.1.4",
      "resolved": "https://registry.npmjs.org/imghash/-/imghash-1.1.4.tgz",
      "integrity": "sha512-atRI6S7rwrdZlr8pBsuk0NfBfeuPzyna98ugz2Sodj1P8SOZJLVYuqWnUrUFg2YnFTxtdbdSq4Ucn1osLFQ+qA==",
      "license": "MIT",
      "dependencies": {
        "@canvas/image": "^2.0.0",
        "blockhash-core": "^0.1.0",
        "image-type": "^4.1.0",
        "jpeg-js": "^0.4.1"
      },
      "engines": {
        "node": ">=20"
      }
    },
    "node_modules/jpeg-js": {
      "version": "0.4.4",
      "resolved": "https://registry.npmjs.org/jpeg-js/-/jpeg-js-0.4.4.tgz",
      "integrity": "sha512-WZzeDOEtTOBK4Mdsar0IqEU5sMr3vSV2RqkAIzUEV2BHnUfKGyswWFPFwK5EeDo93K3FohSHbLAjj0s1Wzd+dg==",
      "license": "BSD-3-Clause"
    },
    "node_modules/json-schema": {
      "version": "0.4.0",
      "resolved": "https://registry.npmjs.org/json-schema/-/json-schema-0.4.0.tgz",
      "integrity": "sha512-es94M3nTIfsEPisRafak+HDLfHXnKBhV3vU5eqPcS3flIWqcxJWgXHXiey3YrpaNsanY5ei1VoYEbOzijuq9BA==",
      "license": "(AFL-2.1 OR BSD-3-Clause)"
    },
    "node_modules/mimic-response": {
      "version": "3.1.0",
      "resolved": "https://registry.npmjs.org/mimic-response/-/mimic-response-3.1.0.tgz",
      "integrity": "sha512-z0yWI+4FDrrweS8Zmt4Ej5HdJmky15+L2e6Wgn3+iK5fWzb6T3fhNFq2+MeTRb064c6Wr4N/wv0DzQTjNzHNGQ==",
      "license": "MIT",
      "engines": {
        "node": ">=10"
      },
      "funding": {
        "url": "https://github.com/sponsors/sindresorhus"
      }
    },
    "node_modules/once": {
      "version": "1.4.0",
      "resolved": "https://registry.npmjs.org/once/-/once-1.4.0.tgz",
      "integrity": "sha512-lNaJgI+2Q5URQBkccEKHTQOPaXdUxnZZElQTZY0MFUAuaEqe1E+Nyvgdz/aIyNi6Z9MzO5dv1H8n58/GELp3+w==",
      "license": "ISC",
      "dependencies": {
        "wrappy": "1"
      }
    },
    "node_modules/simple-concat": {
      "version": "1.0.1",
      "resolved": "https://registry.npmjs.org/simple-concat/-/simple-concat-1.0.1.tgz",
      "integrity": "sha512-cSFtAPtRhljv69IK0hTVZQ+OfE9nePi/rtJmw5UjHeVyVroEqJXP1sFztKUy1qU+xvz3u/sfYJLa947b7nAN2Q==",
      "funding": [
        {
          "type": "github",
          "url": "https://github.com/sponsors/feross"
        },
        {
          "type": "patreon",
          "url": "https://www.patreon.com/feross"
        },
        {
          "type": "consulting",
          "url": "https://feross.org/support"
        }
      ],
      "license": "MIT"
    },
    "node_modules/simple-get": {
      "version": "4.0.1",
      "resolved": "https://registry.npmjs.org/simple-get/-/simple-get-4.0.1.tgz",
      "integrity": "sha512-brv7p5WgH0jmQJr1ZDDfKDOSeWWg+OVypG99A/5vYGPqJ6pxiaHLy8nxtFjBA7oMa01ebA9gfh1uMCFqOuXxvA==",
      "funding": [
        {
          "type": "github",
          "url": "https://github.com/sponsors/feross"
        },
        {
          "type": "patreon",
          "url": "https://www.patreon.com/feross"
        },
        {
          "type": "consulting",
          "url": "https://feross.org/support"
        }
      ],
      "license": "MIT",
      "dependencies": {
        "decompress-response": "^6.0.0",
        "once": "^1.3.1",
        "simple-concat": "^1.0.0"
      }
    },
    "node_modules/to-data-view": {
      "version": "1.1.0",
      "resolved": "https://registry.npmjs.org/to-data-view/-/to-data-view-1.1.0.tgz",
      "integrity": "sha512-1eAdufMg6mwgmlojAx3QeMnzB/BTVp7Tbndi3U7ftcT2zCZadjxkkmLmd97zmaxWi+sgGcgWrokmpEoy0Dn0vQ==",
      "license": "MIT"
    },
    "node_modules/typescript": {
      "version": "5.9.3",
      "resolved": "https://registry.npmjs.org/typescript/-/typescript-5.9.3.tgz",
      "integrity": "sha512-jl1vZzPDinLr9eUt3J/t7V6FgNEw9QjvBPdysz9KfQDD41fQrC2Y4vKQdiaUpFT4bXlb1RHhLpp8wtm6M5TgSw==",
      "dev": true,
      "license": "Apache-2.0",
      "bin": {
        "tsc": "bin/tsc",
        "tsserver": "bin/tsserver"
      },
      "engines": {
        "node": ">=14.17"
      }
    },
    "node_modules/undici": {
      "version": "7.29.0",
      "resolved": "https://registry.npmjs.org/undici/-/undici-7.29.0.tgz",
      "integrity": "sha512-IDxfleLmmbSskfWSUATiN1nfn2rDuvnMOqb5CWR92iIfojA0Ud+ulOAAEQ57LPr9rWmsreUyf5lwyao+7GNNVw==",
      "license": "MIT",
      "engines": {
        "node": ">=20.18.1"
      }
    },
    "node_modules/undici-types": {
      "version": "8.3.0",
      "resolved": "https://registry.npmjs.org/undici-types/-/undici-types-8.3.0.tgz",
      "integrity": "sha512-j375ScV60dom+YkPFIfTLcOiPxkN/buHz5GobjLhixFuANaNs3C9l4GmrWqejgXWJ7BbJcFYpTEUkS1Ge8bpZQ==",
      "dev": true,
      "license": "MIT"
    },
    "node_modules/wrappy": {
      "version": "1.0.2",
      "resolved": "https://registry.npmjs.org/wrappy/-/wrappy-1.0.2.tgz",
      "integrity": "sha512-l4Sp/DRseor9wL6EvV2+TuQn63dMkPjZ/sp9XkghTEbV9KlPS1xUsZ3u7/IQO4wxtcFB4bgpQPRcR3QCvezPcQ==",
      "license": "ISC"
    },
    "node_modules/zod": {
      "version": "4.4.3",
      "resolved": "https://registry.npmjs.org/zod/-/zod-4.4.3.tgz",
      "integrity": "sha512-ytENFjIJFl2UwYglde2jchW2Hwm4GJFLDiSXWdTrJQBIN9Fcyp7n4DhxJEiWNAJMV1/BqWfW/kkg71UDcHJyTQ==",
      "license": "MIT",
      "funding": {
        "url": "https://github.com/sponsors/colinhacks"
      }
    }
  }
}
